
Microsoft Visual Studio Solution File, Format Version 12.00
Project("{FAE04EC0-301F-11D3-BF4B-00C04F79EFBC}") = "lb1_2", "lb1_2\lb1_2.csproj", "{EA373D4A-10CD-4490-9B84-710B24F680EC}"
EndProject
Global
	GlobalSection(SolutionConfigurationPlatforms) = preSolution
		Debug|Any CPU = Debug|Any CPU
		Release|Any CPU = Release|Any CPU
	EndGlobalSection
	GlobalSection(ProjectConfigurationPlatforms) = postSolution
		{EA373D4A-10CD-4490-9B84-710B24F680EC}.Debug|Any CPU.ActiveCfg = Debug|Any CPU
		{EA373D4A-10CD-4490-9B84-710B24F680EC}.Debug|Any CPU.Build.0 = Debug|Any CPU
		{EA373D4A-10CD-4490-9B84-710B24F680EC}.Release|Any CPU.ActiveCfg = Release|Any CPU
		{EA373D4A-10CD-4490-9B84-710B24F680EC}.Release|Any CPU.Build.0 = Release|Any CPU
	EndGlobalSection
EndGlobal
