
Microsoft Visual Studio Solution File, Format Version 12.00
Project("{FAE04EC0-301F-11D3-BF4B-00C04F79EFBC}") = "lb3", "lb3\lb3.csproj", "{0872123A-C89F-4521-B36E-D56A3BA3A170}"
EndProject
Global
	GlobalSection(SolutionConfigurationPlatforms) = preSolution
		Debug|Any CPU = Debug|Any CPU
		Release|Any CPU = Release|Any CPU
	EndGlobalSection
	GlobalSection(ProjectConfigurationPlatforms) = postSolution
		{0872123A-C89F-4521-B36E-D56A3BA3A170}.Debug|Any CPU.ActiveCfg = Debug|Any CPU
		{0872123A-C89F-4521-B36E-D56A3BA3A170}.Debug|Any CPU.Build.0 = Debug|Any CPU
		{0872123A-C89F-4521-B36E-D56A3BA3A170}.Release|Any CPU.ActiveCfg = Release|Any CPU
		{0872123A-C89F-4521-B36E-D56A3BA3A170}.Release|Any CPU.Build.0 = Release|Any CPU
	EndGlobalSection
EndGlobal
