
Microsoft Visual Studio Solution File, Format Version 12.00
Project("{FAE04EC0-301F-11D3-BF4B-00C04F79EFBC}") = "Lb1_2", "Lb1_2\Lb1_2.csproj", "{1C392FDD-C281-4616-86C7-90ADEC965B89}"
EndProject
Global
	GlobalSection(SolutionConfigurationPlatforms) = preSolution
		Debug|Any CPU = Debug|Any CPU
		Release|Any CPU = Release|Any CPU
	EndGlobalSection
	GlobalSection(ProjectConfigurationPlatforms) = postSolution
		{1C392FDD-C281-4616-86C7-90ADEC965B89}.Debug|Any CPU.ActiveCfg = Debug|Any CPU
		{1C392FDD-C281-4616-86C7-90ADEC965B89}.Debug|Any CPU.Build.0 = Debug|Any CPU
		{1C392FDD-C281-4616-86C7-90ADEC965B89}.Release|Any CPU.ActiveCfg = Release|Any CPU
		{1C392FDD-C281-4616-86C7-90ADEC965B89}.Release|Any CPU.Build.0 = Release|Any CPU
	EndGlobalSection
EndGlobal
