
Microsoft Visual Studio Solution File, Format Version 12.00
Project("{FAE04EC0-301F-11D3-BF4B-00C04F79EFBC}") = "Lb1_1", "Lb1_1\Lb1_1.csproj", "{91164E41-B9AE-4925-9FE0-AF84AE65BEED}"
EndProject
Global
	GlobalSection(SolutionConfigurationPlatforms) = preSolution
		Debug|Any CPU = Debug|Any CPU
		Release|Any CPU = Release|Any CPU
	EndGlobalSection
	GlobalSection(ProjectConfigurationPlatforms) = postSolution
		{91164E41-B9AE-4925-9FE0-AF84AE65BEED}.Debug|Any CPU.ActiveCfg = Debug|Any CPU
		{91164E41-B9AE-4925-9FE0-AF84AE65BEED}.Debug|Any CPU.Build.0 = Debug|Any CPU
		{91164E41-B9AE-4925-9FE0-AF84AE65BEED}.Release|Any CPU.ActiveCfg = Release|Any CPU
		{91164E41-B9AE-4925-9FE0-AF84AE65BEED}.Release|Any CPU.Build.0 = Release|Any CPU
	EndGlobalSection
EndGlobal
